
Microsoft Visual Studio Solution File, Format Version 12.00
# Visual Studio Version 17
VisualStudioVersion = 17.3.32922.545
MinimumVisualStudioVersion = 10.0.40219.1
Project("{FAE04EC0-301F-11D3-BF4B-00C04F79EFBC}") = "drüeck nds so", "drüeck nds so\drüeck nds so.csproj", "{80D541AE-6427-4786-B633-471DD49750F6}"
EndProject
Global
	GlobalSection(SolutionConfigurationPlatforms) = preSolution
		Debug|Any CPU = Debug|Any CPU
		Release|Any CPU = Release|Any CPU
	EndGlobalSection
	GlobalSection(ProjectConfigurationPlatforms) = postSolution
		{80D541AE-6427-4786-B633-471DD49750F6}.Debug|Any CPU.ActiveCfg = Debug|Any CPU
		{80D541AE-6427-4786-B633-471DD49750F6}.Debug|Any CPU.Build.0 = Debug|Any CPU
		{80D541AE-6427-4786-B633-471DD49750F6}.Release|Any CPU.ActiveCfg = Release|Any CPU
		{80D541AE-6427-4786-B633-471DD49750F6}.Release|Any CPU.Build.0 = Release|Any CPU
	EndGlobalSection
	GlobalSection(SolutionProperties) = preSolution
		HideSolutionNode = FALSE
	EndGlobalSection
	GlobalSection(ExtensibilityGlobals) = postSolution
		SolutionGuid = {7FDC5151-BCA1-4BF0-BBAE-D692A23DB447}
	EndGlobalSection
EndGlobal
